// !$*UTF8*$!
{
	archiveVersion = 1;
	classes = {
	};
	objectVersion = 77;
	objects = {

/* Begin PBXBuildFile section */
		6D382D8C2CA92F2500A864F9 /* SwiftDate in Frameworks */ = {isa = PBXBuildFile; productRef = 6D382D8B2CA92F2500A864F9 /* SwiftDate */; };
/* End PBXBuildFile section */

/* Begin PBXContainerItemProxy section */
		6D382D6D2CA92E2500A864F9 /* PBXContainerItemProxy */ = {
			isa = PBXContainerItemProxy;
			containerPortal = 6D382D4E2CA92E2300A864F9 /* Project object */;
			proxyType = 1;
			remoteGlobalIDString = 6D382D552CA92E2300A864F9;
			remoteInfo = github_actions_test;
		};
		6D382D772CA92E2500A864F9 /* PBXContainerItemProxy */ = {
			isa = PBXContainerItemProxy;
			containerPortal = 6D382D4E2CA92E2300A864F9 /* Project object */;
			proxyType = 1;
			remoteGlobalIDString = 6D382D552CA92E2300A864F9;
			remoteInfo = github_actions_test;
		};
/* End PBXContainerItemProxy section */

/* Begin PBXFileReference section */
		6D382D562CA92E2300A864F9 /* github_actions_test.app */ = {isa = PBXFileReference; explicitFileType = wrapper.application; includeInIndex = 0; path = github_actions_test.app; sourceTree = BUILT_PRODUCTS_DIR; };
		6D382D6C2CA92E2500A864F9 /* github_actions_testTests.xctest */ = {isa = PBXFileReference; explicitFileType = wrapper.cfbundle; includeInIndex = 0; path = github_actions_testTests.xctest; sourceTree = BUILT_PRODUCTS_DIR; };
		6D382D762CA92E2500A864F9 /* github_actions_testUITests.xctest */ = {isa = PBXFileReference; explicitFileType = wrapper.cfbundle; includeInIndex = 0; path = github_actions_testUITests.xctest; sourceTree = BUILT_PRODUCTS_DIR; };
/* End PBXFileReference section */

/* Begin PBXFileSystemSynchronizedBuildFileExceptionSet section */
		6D382D7E2CA92E2500A864F9 /* Exceptions for "github_actions_test" folder in "github_actions_test" target */ = {
			isa = PBXFileSystemSynchronizedBuildFileExceptionSet;
			membershipExceptions = (
				Info.plist,
			);
			target = 6D382D552CA92E2300A864F9 /* github_actions_test */;
		};
/* End PBXFileSystemSynchronizedBuildFileExceptionSet section */

/* Begin PBXFileSystemSynchronizedRootGroup section */
		6D382D582CA92E2300A864F9 /* github_actions_test */ = {
			isa = PBXFileSystemSynchronizedRootGroup;
			exceptions = (
				6D382D7E2CA92E2500A864F9 /* Exceptions for "github_actions_test" folder in "github_actions_test" target */,
			);
			path = github_actions_test;
			sourceTree = "<group>";
		};
		6D382D6F2CA92E2500A864F9 /* github_actions_testTests */ = {
			isa = PBXFileSystemSynchronizedRootGroup;
			path = github_actions_testTests;
			sourceTree = "<group>";
		};
		6D382D792CA92E2500A864F9 /* github_actions_testUITests */ = {
			isa = PBXFileSystemSynchronizedRootGroup;
			path = github_actions_testUITests;
			sourceTree = "<group>";
		};
/* End PBXFileSystemSynchronizedRootGroup section */

/* Begin PBXFrameworksBuildPhase section */
		6D382D532CA92E2300A864F9 /* Frameworks */ = {
			isa = PBXFrameworksBuildPhase;
			buildActionMask = 2147483647;
			files = (
				6D382D8C2CA92F2500A864F9 /* SwiftDate in Frameworks */,
			);
			runOnlyForDeploymentPostprocessing = 0;
		};
		6D382D692CA92E2500A864F9 /* Frameworks */ = {
			isa = PBXFrameworksBuildPhase;
			buildActionMask = 2147483647;
			files = (
			);
			runOnlyForDeploymentPostprocessing = 0;
		};
		6D382D732CA92E2500A864F9 /* Frameworks */ = {
			isa = PBXFrameworksBuildPhase;
			buildActionMask = 2147483647;
			files = (
			);
			runOnlyForDeploymentPostprocessing = 0;
		};
/* End PBXFrameworksBuildPhase section */

/* Begin PBXGroup section */
		6D382D4D2CA92E2300A864F9 = {
			isa = PBXGroup;
			children = (
				6D382D582CA92E2300A864F9 /* github_actions_test */,
				6D382D6F2CA92E2500A864F9 /* github_actions_testTests */,
				6D382D792CA92E2500A864F9 /* github_actions_testUITests */,
				6D382D572CA92E2300A864F9 /* Products */,
			);
			sourceTree = "<group>";
		};
		6D382D572CA92E2300A864F9 /* Products */ = {
			isa = PBXGroup;
			children = (
				6D382D562CA92E2300A864F9 /* github_actions_test.app */,
				6D382D6C2CA92E2500A864F9 /* github_actions_testTests.xctest */,
				6D382D762CA92E2500A864F9 /* github_actions_testUITests.xctest */,
			);
			name = Products;
			sourceTree = "<group>";
		};
/* End PBXGroup section */

/* Begin PBXNativeTarget section */
		6D382D552CA92E2300A864F9 /* github_actions_test */ = {
			isa = PBXNativeTarget;
			buildConfigurationList = 6D382D7F2CA92E2500A864F9 /* Build configuration list for PBXNativeTarget "github_actions_test" */;
			buildPhases = (
				6D382D522CA92E2300A864F9 /* Sources */,
				6D382D532CA92E2300A864F9 /* Frameworks */,
				6D382D542CA92E2300A864F9 /* Resources */,
			);
			buildRules = (
			);
			dependencies = (
			);
			fileSystemSynchronizedGroups = (
				6D382D582CA92E2300A864F9 /* github_actions_test */,
			);
			name = github_actions_test;
			packageProductDependencies = (
				6D382D8B2CA92F2500A864F9 /* SwiftDate */,
			);
			productName = github_actions_test;
			productReference = 6D382D562CA92E2300A864F9 /* github_actions_test.app */;
			productType = "com.apple.product-type.application";
		};
		6D382D6B2CA92E2500A864F9 /* github_actions_testTests */ = {
			isa = PBXNativeTarget;
			buildConfigurationList = 6D382D842CA92E2500A864F9 /* Build configuration list for PBXNativeTarget "github_actions_testTests" */;
			buildPhases = (
				6D382D682CA92E2500A864F9 /* Sources */,
				6D382D692CA92E2500A864F9 /* Frameworks */,
				6D382D6A2CA92E2500A864F9 /* Resources */,
			);
			buildRules = (
			);
			dependencies = (
				6D382D6E2CA92E2500A864F9 /* PBXTargetDependency */,
			);
			fileSystemSynchronizedGroups = (
				6D382D6F2CA92E2500A864F9 /* github_actions_testTests */,
			);
			name = github_actions_testTests;
			packageProductDependencies = (
			);
			productName = github_actions_testTests;
			productReference = 6D382D6C2CA92E2500A864F9 /* github_actions_testTests.xctest */;
			productType = "com.apple.product-type.bundle.unit-test";
		};
		6D382D752CA92E2500A864F9 /* github_actions_testUITests */ = {
			isa = PBXNativeTarget;
			buildConfigurationList = 6D382D872CA92E2500A864F9 /* Build configuration list for PBXNativeTarget "github_actions_testUITests" */;
			buildPhases = (
				6D382D722CA92E2500A864F9 /* Sources */,
				6D382D732CA92E2500A864F9 /* Frameworks */,
				6D382D742CA92E2500A864F9 /* Resources */,
			);
			buildRules = (
			);
			dependencies = (
				6D382D782CA92E2500A864F9 /* PBXTargetDependency */,
			);
			fileSystemSynchronizedGroups = (
				6D382D792CA92E2500A864F9 /* github_actions_testUITests */,
			);
			name = github_actions_testUITests;
			packageProductDependencies = (
			);
			productName = github_actions_testUITests;
			productReference = 6D382D762CA92E2500A864F9 /* github_actions_testUITests.xctest */;
			productType = "com.apple.product-type.bundle.ui-testing";
		};
/* End PBXNativeTarget section */

/* Begin PBXProject section */
		6D382D4E2CA92E2300A864F9 /* Project object */ = {
			isa = PBXProject;
			attributes = {
				BuildIndependentTargetsInParallel = 1;
				LastSwiftUpdateCheck = 1600;
				LastUpgradeCheck = 1600;
				TargetAttributes = {
					6D382D552CA92E2300A864F9 = {
						CreatedOnToolsVersion = 16.0;
					};
					6D382D6B2CA92E2500A864F9 = {
						CreatedOnToolsVersion = 16.0;
						TestTargetID = 6D382D552CA92E2300A864F9;
					};
					6D382D752CA92E2500A864F9 = {
						CreatedOnToolsVersion = 16.0;
						TestTargetID = 6D382D552CA92E2300A864F9;
					};
				};
			};
			buildConfigurationList = 6D382D512CA92E2300A864F9 /* Build configuration list for PBXProject "github_actions_test" */;
			developmentRegion = en;
			hasScannedForEncodings = 0;
			knownRegions = (
				en,
				Base,
			);
			mainGroup = 6D382D4D2CA92E2300A864F9;
			minimizedProjectReferenceProxies = 1;
			packageReferences = (
				6D382D8A2CA92F2500A864F9 /* XCRemoteSwiftPackageReference "SwiftDate" */,
			);
			preferredProjectObjectVersion = 77;
			productRefGroup = 6D382D572CA92E2300A864F9 /* Products */;
			projectDirPath = "";
			projectRoot = "";
			targets = (
				6D382D552CA92E2300A864F9 /* github_actions_test */,
				6D382D6B2CA92E2500A864F9 /* github_actions_testTests */,
				6D382D752CA92E2500A864F9 /* github_actions_testUITests */,
			);
		};
/* End PBXProject section */

/* Begin PBXResourcesBuildPhase section */
		6D382D542CA92E2300A864F9 /* Resources */ = {
			isa = PBXResourcesBuildPhase;
			buildActionMask = 2147483647;
			files = (
			);
			runOnlyForDeploymentPostprocessing = 0;
		};
		6D382D6A2CA92E2500A864F9 /* Resources */ = {
			isa = PBXResourcesBuildPhase;
			buildActionMask = 2147483647;
			files = (
			);
			runOnlyForDeploymentPostprocessing = 0;
		};
		6D382D742CA92E2500A864F9 /* Resources */ = {
			isa = PBXResourcesBuildPhase;
			buildActionMask = 2147483647;
			files = (
			);
			runOnlyForDeploymentPostprocessing = 0;
		};
/* End PBXResourcesBuildPhase section */

/* Begin PBXSourcesBuildPhase section */
		6D382D522CA92E2300A864F9 /* Sources */ = {
			isa = PBXSourcesBuildPhase;
			buildActionMask = 2147483647;
			files = (
			);
			runOnlyForDeploymentPostprocessing = 0;
		};
		6D382D682CA92E2500A864F9 /* Sources */ = {
			isa = PBXSourcesBuildPhase;
			buildActionMask = 2147483647;
			files = (
			);
			runOnlyForDeploymentPostprocessing = 0;
		};
		6D382D722CA92E2500A864F9 /* Sources */ = {
			isa = PBXSourcesBuildPhase;
			buildActionMask = 2147483647;
			files = (
			);
			runOnlyForDeploymentPostprocessing = 0;
		};
/* End PBXSourcesBuildPhase section */

/* Begin PBXTargetDependency section */
		6D382D6E2CA92E2500A864F9 /* PBXTargetDependency */ = {
			isa = PBXTargetDependency;
			target = 6D382D552CA92E2300A864F9 /* github_actions_test */;
			targetProxy = 6D382D6D2CA92E2500A864F9 /* PBXContainerItemProxy */;
		};
		6D382D782CA92E2500A864F9 /* PBXTargetDependency */ = {
			isa = PBXTargetDependency;
			target = 6D382D552CA92E2300A864F9 /* github_actions_test */;
			targetProxy = 6D382D772CA92E2500A864F9 /* PBXContainerItemProxy */;
		};
/* End PBXTargetDependency section */

/* Begin XCBuildConfiguration section */
		6D382D802CA92E2500A864F9 /* Debug */ = {
			isa = XCBuildConfiguration;
			buildSettings = {
				ASSETCATALOG_COMPILER_APPICON_NAME = AppIcon;
				ASSETCATALOG_COMPILER_GLOBAL_ACCENT_COLOR_NAME = AccentColor;
				CODE_SIGN_STYLE = Automatic;
				CURRENT_PROJECT_VERSION = 1;
				DEVELOPMENT_TEAM = 93LJ9T3CBB;
				GENERATE_INFOPLIST_FILE = YES;
				INFOPLIST_FILE = github_actions_test/Info.plist;
				INFOPLIST_KEY_UIApplicationSupportsIndirectInputEvents = YES;
				INFOPLIST_KEY_UILaunchStoryboardName = LaunchScreen;
				INFOPLIST_KEY_UIMainStoryboardFile = Main;
				INFOPLIST_KEY_UISupportedInterfaceOrientations_iPad = "UIInterfaceOrientationPortrait UIInterfaceOrientationPortraitUpsideDown UIInterfaceOrientationLandscapeLeft UIInterfaceOrientationLandscapeRight";
				INFOPLIST_KEY_UISupportedInterfaceOrientations_iPhone = "UIInterfaceOrientationPortrait UIInterfaceOrientationLandscapeLeft UIInterfaceOrientationLandscapeRight";
				LD_RUNPATH_SEARCH_PATHS = (
					"$(inherited)",
					"@executable_path/Frameworks",
				);
				MARKETING_VERSION = 1.0;
				PRODUCT_BUNDLE_IDENTIFIER = "app.hosaka.AS.github-actions-test";
				PRODUCT_NAME = "$(TARGET_NAME)";
				SWIFT_EMIT_LOC_STRINGS = YES;
				SWIFT_VERSION = 5.0;
				TARGETED_DEVICE_FAMILY = "1,2";
			};
			name = Debug;
		};
		6D382D812CA92E2500A864F9 /* Release */ = {
			isa = XCBuildConfiguration;
			buildSettings = {
				ASSETCATALOG_COMPILER_APPICON_NAME = AppIcon;
				ASSETCATALOG_COMPILER_GLOBAL_ACCENT_COLOR_NAME = AccentColor;
				CODE_SIGN_STYLE = Automatic;
				CURRENT_PROJECT_VERSION = 1;
				DEVELOPMENT_TEAM = 93LJ9T3CBB;
				GENERATE_INFOPLIST_FILE = YES;
				INFOPLIST_FILE = github_actions_test/Info.plist;
				INFOPLIST_KEY_UIApplicationSupportsIndirectInputEvents = YES;
				INFOPLIST_KEY_UILaunchStoryboardName = LaunchScreen;
				INFOPLIST_KEY_UIMainStoryboardFile = Main;
				INFOPLIST_KEY_UISupportedInterfaceOrientations_iPad = "UIInterfaceOrientationPortrait UIInterfaceOrientationPortraitUpsideDown UIInterfaceOrientationLandscapeLeft UIInterfaceOrientationLandscapeRight";
				INFOPLIST_KEY_UISupportedInterfaceOrientations_iPhone = "UIInterfaceOrientationPortrait UIInterfaceOrientationLandscapeLeft UIInterfaceOrientationLandscapeRight";
				LD_RUNPATH_SEARCH_PATHS = (
					"$(inherited)",
					"@executable_path/Frameworks",
				);
				MARKETING_VERSION = 1.0;
				PRODUCT_BUNDLE_IDENTIFIER = "app.hosaka.AS.github-actions-test";
				PRODUCT_NAME = "$(TARGET_NAME)";
				SWIFT_EMIT_LOC_STRINGS = YES;
				SWIFT_VERSION = 5.0;
				TARGETED_DEVICE_FAMILY = "1,2";
			};
			name = Release;
		};
		6D382D822CA92E2500A864F9 /* Debug */ = {
			isa = XCBuildConfiguration;
			buildSettings = {
				ALWAYS_SEARCH_USER_PATHS = NO;
				ASSETCATALOG_COMPILER_GENERATE_SWIFT_ASSET_SYMBOL_EXTENSIONS = YES;
				CLANG_ANALYZER_NONNULL = YES;
				CLANG_ANALYZER_NUMBER_OBJECT_CONVERSION = YES_AGGRESSIVE;
				CLANG_CXX_LANGUAGE_STANDARD = "gnu++20";
				CLANG_ENABLE_MODULES = YES;
				CLANG_ENABLE_OBJC_ARC = YES;
				CLANG_ENABLE_OBJC_WEAK = YES;
				CLANG_WARN_BLOCK_CAPTURE_AUTORELEASING = YES;
				CLANG_WARN_BOOL_CONVERSION = YES;
				CLANG_WARN_COMMA = YES;
				CLANG_WARN_CONSTANT_CONVERSION = YES;
				CLANG_WARN_DEPRECATED_OBJC_IMPLEMENTATIONS = YES;
				CLANG_WARN_DIRECT_OBJC_ISA_USAGE = YES_ERROR;
				CLANG_WARN_DOCUMENTATION_COMMENTS = YES;
				CLANG_WARN_EMPTY_BODY = YES;
				CLANG_WARN_ENUM_CONVERSION = YES;
				CLANG_WARN_INFINITE_RECURSION = YES;
				CLANG_WARN_INT_CONVERSION = YES;
				CLANG_WARN_NON_LITERAL_NULL_CONVERSION = YES;
				CLANG_WARN_OBJC_IMPLICIT_RETAIN_SELF = YES;
				CLANG_WARN_OBJC_LITERAL_CONVERSION = YES;
				CLANG_WARN_OBJC_ROOT_CLASS = YES_ERROR;
				CLANG_WARN_QUOTED_INCLUDE_IN_FRAMEWORK_HEADER = YES;
				CLANG_WARN_RANGE_LOOP_ANALYSIS = YES;
				CLANG_WARN_STRICT_PROTOTYPES = YES;
				CLANG_WARN_SUSPICIOUS_MOVE = YES;
				CLANG_WARN_UNGUARDED_AVAILABILITY = YES_AGGRESSIVE;
				CLANG_WARN_UNREACHABLE_CODE = YES;
				CLANG_WARN__DUPLICATE_METHOD_MATCH = YES;
				COPY_PHASE_STRIP = NO;
				DEBUG_INFORMATION_FORMAT = dwarf;
				ENABLE_STRICT_OBJC_MSGSEND = YES;
				ENABLE_TESTABILITY = YES;
				ENABLE_USER_SCRIPT_SANDBOXING = YES;
				GCC_C_LANGUAGE_STANDARD = gnu17;
				GCC_DYNAMIC_NO_PIC = NO;
				GCC_NO_COMMON_BLOCKS = YES;
				GCC_OPTIMIZATION_LEVEL = 0;
				GCC_PREPROCESSOR_DEFINITIONS = (
					"DEBUG=1",
					"$(inherited)",
				);
				GCC_WARN_64_TO_32_BIT_CONVERSION = YES;
				GCC_WARN_ABOUT_RETURN_TYPE = YES_ERROR;
				GCC_WARN_UNDECLARED_SELECTOR = YES;
				GCC_WARN_UNINITIALIZED_AUTOS = YES_AGGRESSIVE;
				GCC_WARN_UNUSED_FUNCTION = YES;
				GCC_WARN_UNUSED_VARIABLE = YES;
				IPHONEOS_DEPLOYMENT_TARGET = 18.0;
				LOCALIZATION_PREFERS_STRING_CATALOGS = YES;
				MTL_ENABLE_DEBUG_INFO = INCLUDE_SOURCE;
				MTL_FAST_MATH = YES;
				ONLY_ACTIVE_ARCH = YES;
				SDKROOT = iphoneos;
				SWIFT_ACTIVE_COMPILATION_CONDITIONS = "DEBUG $(inherited)";
				SWIFT_OPTIMIZATION_LEVEL = "-Onone";
			};
			name = Debug;
		};
		6D382D832CA92E2500A864F9 /* Release */ = {
			isa = XCBuildConfiguration;
			buildSettings = {
				ALWAYS_SEARCH_USER_PATHS = NO;
				ASSETCATALOG_COMPILER_GENERATE_SWIFT_ASSET_SYMBOL_EXTENSIONS = YES;
				CLANG_ANALYZER_NONNULL = YES;
				CLANG_ANALYZER_NUMBER_OBJECT_CONVERSION = YES_AGGRESSIVE;
				CLANG_CXX_LANGUAGE_STANDARD = "gnu++20";
				CLANG_ENABLE_MODULES = YES;
				CLANG_ENABLE_OBJC_ARC = YES;
				CLANG_ENABLE_OBJC_WEAK = YES;
				CLANG_WARN_BLOCK_CAPTURE_AUTORELEASING = YES;
				CLANG_WARN_BOOL_CONVERSION = YES;
				CLANG_WARN_COMMA = YES;
				CLANG_WARN_CONSTANT_CONVERSION = YES;
				CLANG_WARN_DEPRECATED_OBJC_IMPLEMENTATIONS = YES;
				CLANG_WARN_DIRECT_OBJC_ISA_USAGE = YES_ERROR;
				CLANG_WARN_DOCUMENTATION_COMMENTS = YES;
				CLANG_WARN_EMPTY_BODY = YES;
				CLANG_WARN_ENUM_CONVERSION = YES;
				CLANG_WARN_INFINITE_RECURSION = YES;
				CLANG_WARN_INT_CONVERSION = YES;
				CLANG_WARN_NON_LITERAL_NULL_CONVERSION = YES;
				CLANG_WARN_OBJC_IMPLICIT_RETAIN_SELF = YES;
				CLANG_WARN_OBJC_LITERAL_CONVERSION = YES;
				CLANG_WARN_OBJC_ROOT_CLASS = YES_ERROR;
				CLANG_WARN_QUOTED_INCLUDE_IN_FRAMEWORK_HEADER = YES;
				CLANG_WARN_RANGE_LOOP_ANALYSIS = YES;
				CLANG_WARN_STRICT_PROTOTYPES = YES;
				CLANG_WARN_SUSPICIOUS_MOVE = YES;
				CLANG_WARN_UNGUARDED_AVAILABILITY = YES_AGGRESSIVE;
				CLANG_WARN_UNREACHABLE_CODE = YES;
				CLANG_WARN__DUPLICATE_METHOD_MATCH = YES;
				COPY_PHASE_STRIP = NO;
				DEBUG_INFORMATION_FORMAT = "dwarf-with-dsym";
				ENABLE_NS_ASSERTIONS = NO;
				ENABLE_STRICT_OBJC_MSGSEND = YES;
				ENABLE_USER_SCRIPT_SANDBOXING = YES;
				GCC_C_LANGUAGE_STANDARD = gnu17;
				GCC_NO_COMMON_BLOCKS = YES;
				GCC_WARN_64_TO_32_BIT_CONVERSION = YES;
				GCC_WARN_ABOUT_RETURN_TYPE = YES_ERROR;
				GCC_WARN_UNDECLARED_SELECTOR = YES;
				GCC_WARN_UNINITIALIZED_AUTOS = YES_AGGRESSIVE;
				GCC_WARN_UNUSED_FUNCTION = YES;
				GCC_WARN_UNUSED_VARIABLE = YES;
				IPHONEOS_DEPLOYMENT_TARGET = 18.0;
				LOCALIZATION_PREFERS_STRING_CATALOGS = YES;
				MTL_ENABLE_DEBUG_INFO = NO;
				MTL_FAST_MATH = YES;
				SDKROOT = iphoneos;
				SWIFT_COMPILATION_MODE = wholemodule;
				VALIDATE_PRODUCT = YES;
			};
			name = Release;
		};
		6D382D852CA92E2500A864F9 /* Debug */ = {
			isa = XCBuildConfiguration;
			buildSettings = {
				BUNDLE_LOADER = "$(TEST_HOST)";
				CODE_SIGN_STYLE = Automatic;
				CURRENT_PROJECT_VERSION = 1;
				DEVELOPMENT_TEAM = 93LJ9T3CBB;
				GENERATE_INFOPLIST_FILE = YES;
				IPHONEOS_DEPLOYMENT_TARGET = 18.0;
				MARKETING_VERSION = 1.0;
				PRODUCT_BUNDLE_IDENTIFIER = "app.hosaka.AS.github-actions-testTests";
				PRODUCT_NAME = "$(TARGET_NAME)";
				SWIFT_EMIT_LOC_STRINGS = NO;
				SWIFT_VERSION = 5.0;
				TARGETED_DEVICE_FAMILY = "1,2";
				TEST_HOST = "$(BUILT_PRODUCTS_DIR)/github_actions_test.app/$(BUNDLE_EXECUTABLE_FOLDER_PATH)/github_actions_test";
			};
			name = Debug;
		};
		6D382D862CA92E2500A864F9 /* Release */ = {
			isa = XCBuildConfiguration;
			buildSettings = {
				BUNDLE_LOADER = "$(TEST_HOST)";
				CODE_SIGN_STYLE = Automatic;
				CURRENT_PROJECT_VERSION = 1;
				DEVELOPMENT_TEAM = 93LJ9T3CBB;
				GENERATE_INFOPLIST_FILE = YES;
				IPHONEOS_DEPLOYMENT_TARGET = 18.0;
				MARKETING_VERSION = 1.0;
				PRODUCT_BUNDLE_IDENTIFIER = "app.hosaka.AS.github-actions-testTests";
				PRODUCT_NAME = "$(TARGET_NAME)";
				SWIFT_EMIT_LOC_STRINGS = NO;
				SWIFT_VERSION = 5.0;
				TARGETED_DEVICE_FAMILY = "1,2";
				TEST_HOST = "$(BUILT_PRODUCTS_DIR)/github_actions_test.app/$(BUNDLE_EXECUTABLE_FOLDER_PATH)/github_actions_test";
			};
			name = Release;
		};
		6D382D882CA92E2500A864F9 /* Debug */ = {
			isa = XCBuildConfiguration;
			buildSettings = {
				CODE_SIGN_STYLE = Automatic;
				CURRENT_PROJECT_VERSION = 1;
				DEVELOPMENT_TEAM = 93LJ9T3CBB;
				GENERATE_INFOPLIST_FILE = YES;
				MARKETING_VERSION = 1.0;
				PRODUCT_BUNDLE_IDENTIFIER = "app.hosaka.AS.github-actions-testUITests";
				PRODUCT_NAME = "$(TARGET_NAME)";
				SWIFT_EMIT_LOC_STRINGS = NO;
				SWIFT_VERSION = 5.0;
				TARGETED_DEVICE_FAMILY = "1,2";
				TEST_TARGET_NAME = github_actions_test;
			};
			name = Debug;
		};
		6D382D892CA92E2500A864F9 /* Release */ = {
			isa = XCBuildConfiguration;
			buildSettings = {
				CODE_SIGN_STYLE = Automatic;
				CURRENT_PROJECT_VERSION = 1;
				DEVELOPMENT_TEAM = 93LJ9T3CBB;
				GENERATE_INFOPLIST_FILE = YES;
				MARKETING_VERSION = 1.0;
				PRODUCT_BUNDLE_IDENTIFIER = "app.hosaka.AS.github-actions-testUITests";
				PRODUCT_NAME = "$(TARGET_NAME)";
				SWIFT_EMIT_LOC_STRINGS = NO;
				SWIFT_VERSION = 5.0;
				TARGETED_DEVICE_FAMILY = "1,2";
				TEST_TARGET_NAME = github_actions_test;
			};
			name = Release;
		};
/* End XCBuildConfiguration section */

/* Begin XCConfigurationList section */
		6D382D512CA92E2300A864F9 /* Build configuration list for PBXProject "github_actions_test" */ = {
			isa = XCConfigurationList;
			buildConfigurations = (
				6D382D822CA92E2500A864F9 /* Debug */,
				6D382D832CA92E2500A864F9 /* Release */,
			);
			defaultConfigurationIsVisible = 0;
			defaultConfigurationName = Release;
		};
		6D382D7F2CA92E2500A864F9 /* Build configuration list for PBXNativeTarget "github_actions_test" */ = {
			isa = XCConfigurationList;
			buildConfigurations = (
				6D382D802CA92E2500A864F9 /* Debug */,
				6D382D812CA92E2500A864F9 /* Release */,
			);
			defaultConfigurationIsVisible = 0;
			defaultConfigurationName = Release;
		};
		6D382D842CA92E2500A864F9 /* Build configuration list for PBXNativeTarget "github_actions_testTests" */ = {
			isa = XCConfigurationList;
			buildConfigurations = (
				6D382D852CA92E2500A864F9 /* Debug */,
				6D382D862CA92E2500A864F9 /* Release */,
			);
			defaultConfigurationIsVisible = 0;
			defaultConfigurationName = Release;
		};
		6D382D872CA92E2500A864F9 /* Build configuration list for PBXNativeTarget "github_actions_testUITests" */ = {
			isa = XCConfigurationList;
			buildConfigurations = (
				6D382D882CA92E2500A864F9 /* Debug */,
				6D382D892CA92E2500A864F9 /* Release */,
			);
			defaultConfigurationIsVisible = 0;
			defaultConfigurationName = Release;
		};
/* End XCConfigurationList section */

/* Begin XCRemoteSwiftPackageReference section */
		6D382D8A2CA92F2500A864F9 /* XCRemoteSwiftPackageReference "SwiftDate" */ = {
			isa = XCRemoteSwiftPackageReference;
			repositoryURL = "https://github.com/malcommac/SwiftDate";
			requirement = {
				kind = upToNextMajorVersion;
				minimumVersion = 7.0.0;
			};
		};
/* End XCRemoteSwiftPackageReference section */

/* Begin XCSwiftPackageProductDependency section */
		6D382D8B2CA92F2500A864F9 /* SwiftDate */ = {
			isa = XCSwiftPackageProductDependency;
			package = 6D382D8A2CA92F2500A864F9 /* XCRemoteSwiftPackageReference "SwiftDate" */;
			productName = SwiftDate;
		};
/* End XCSwiftPackageProductDependency section */
	};
	rootObject = 6D382D4E2CA92E2300A864F9 /* Project object */;
}
